
Microsoft Visual Studio Solution File, Format Version 12.00
# Visual Studio Version 17
VisualStudioVersion = 17.13.35818.85 d17.13
MinimumVisualStudioVersion = 10.0.40219.1
Project("{FAE04EC0-301F-11D3-BF4B-00C04F79EFBC}") = "tpmodul6_103022330096", "tpmodul6_103022330096\tpmodul6_103022330096.csproj", "{621E6893-EAEA-47B6-9151-C28F437A7CEF}"
EndProject
Global
	GlobalSection(SolutionConfigurationPlatforms) = preSolution
		Debug|Any CPU = Debug|Any CPU
		Release|Any CPU = Release|Any CPU
	EndGlobalSection
	GlobalSection(ProjectConfigurationPlatforms) = postSolution
		{621E6893-EAEA-47B6-9151-C28F437A7CEF}.Debug|Any CPU.ActiveCfg = Debug|Any CPU
		{621E6893-EAEA-47B6-9151-C28F437A7CEF}.Debug|Any CPU.Build.0 = Debug|Any CPU
		{621E6893-EAEA-47B6-9151-C28F437A7CEF}.Release|Any CPU.ActiveCfg = Release|Any CPU
		{621E6893-EAEA-47B6-9151-C28F437A7CEF}.Release|Any CPU.Build.0 = Release|Any CPU
	EndGlobalSection
	GlobalSection(SolutionProperties) = preSolution
		HideSolutionNode = FALSE
	EndGlobalSection
	GlobalSection(ExtensibilityGlobals) = postSolution
		SolutionGuid = {3DFAE5E1-5DA1-4680-ADA7-264D71AEB58D}
	EndGlobalSection
EndGlobal
